
Microsoft Visual Studio Solution File, Format Version 12.00
# Visual Studio Version 17
VisualStudioVersion = 17.6.33815.320
MinimumVisualStudioVersion = 10.0.40219.1
Project("{FAE04EC0-301F-11D3-BF4B-00C04F79EFBC}") = "IDENTITY", "IDENTITY\IDENTITY.csproj", "{9927537F-49E3-4494-844C-F814CC9408AF}"
EndProject
Global
	GlobalSection(SolutionConfigurationPlatforms) = preSolution
		Debug|Any CPU = Debug|Any CPU
		Release|Any CPU = Release|Any CPU
	EndGlobalSection
	GlobalSection(ProjectConfigurationPlatforms) = postSolution
		{9927537F-49E3-4494-844C-F814CC9408AF}.Debug|Any CPU.ActiveCfg = Debug|Any CPU
		{9927537F-49E3-4494-844C-F814CC9408AF}.Debug|Any CPU.Build.0 = Debug|Any CPU
		{9927537F-49E3-4494-844C-F814CC9408AF}.Release|Any CPU.ActiveCfg = Release|Any CPU
		{9927537F-49E3-4494-844C-F814CC9408AF}.Release|Any CPU.Build.0 = Release|Any CPU
	EndGlobalSection
	GlobalSection(SolutionProperties) = preSolution
		HideSolutionNode = FALSE
	EndGlobalSection
	GlobalSection(ExtensibilityGlobals) = postSolution
		SolutionGuid = {5C934DDF-279C-4CD3-8E77-4B1EB3633DF7}
	EndGlobalSection
EndGlobal
